// !$*UTF8*$!
{
	archiveVersion = 1;
	classes = {
	};
	objectVersion = 56;
	objects = {

/* Begin PBXBuildFile section */
		80188C3C2B9AE2CF001630B2 /* ApiServices.swift in Sources */ = {isa = PBXBuildFile; fileRef = 80188C3B2B9AE2CF001630B2 /* ApiServices.swift */; };
		80188C402B9BEBD2001630B2 /* ServiceName.swift in Sources */ = {isa = PBXBuildFile; fileRef = 80188C3F2B9BEBD2001630B2 /* ServiceName.swift */; };
		80188C422B9BED5B001630B2 /* ApiServiceRouter.swift in Sources */ = {isa = PBXBuildFile; fileRef = 80188C412B9BED5B001630B2 /* ApiServiceRouter.swift */; };
		80188C442B9BED92001630B2 /* ApiServiceModel.swift in Sources */ = {isa = PBXBuildFile; fileRef = 80188C432B9BED92001630B2 /* ApiServiceModel.swift */; };
		80188C472B9BEF70001630B2 /* StoreData.swift in Sources */ = {isa = PBXBuildFile; fileRef = 80188C462B9BEF70001630B2 /* StoreData.swift */; };
		80188C4A2B9BEFF1001630B2 /* UserDefaultConstants.swift in Sources */ = {isa = PBXBuildFile; fileRef = 80188C492B9BEFF1001630B2 /* UserDefaultConstants.swift */; };
		80188C4E2B9BF687001630B2 /* ParamsConstant.swift in Sources */ = {isa = PBXBuildFile; fileRef = 80188C4D2B9BF687001630B2 /* ParamsConstant.swift */; };
		80188C512B9BF896001630B2 /* DefaultToolBar.swift in Sources */ = {isa = PBXBuildFile; fileRef = 80188C502B9BF896001630B2 /* DefaultToolBar.swift */; };
		80188C562B9BF921001630B2 /* ImageConfig.swift in Sources */ = {isa = PBXBuildFile; fileRef = 80188C552B9BF921001630B2 /* ImageConfig.swift */; };
		80188C5B2B9BF992001630B2 /* StringExt.swift in Sources */ = {isa = PBXBuildFile; fileRef = 80188C5A2B9BF992001630B2 /* StringExt.swift */; };
		80188C5E2B9BFE7A001630B2 /* HomeVc.swift in Sources */ = {isa = PBXBuildFile; fileRef = 80188C5D2B9BFE7A001630B2 /* HomeVc.swift */; };
		80188C602B9C250D001630B2 /* PurchaseRepo.swift in Sources */ = {isa = PBXBuildFile; fileRef = 80188C5F2B9C250D001630B2 /* PurchaseRepo.swift */; };
		80188C632B9C2577001630B2 /* CustomTypeAlias.swift in Sources */ = {isa = PBXBuildFile; fileRef = 80188C622B9C2577001630B2 /* CustomTypeAlias.swift */; };
		80188C662B9C25B0001630B2 /* PurchaseModel.swift in Sources */ = {isa = PBXBuildFile; fileRef = 80188C652B9C25B0001630B2 /* PurchaseModel.swift */; };
		80188C682B9C2698001630B2 /* ItemModel.swift in Sources */ = {isa = PBXBuildFile; fileRef = 80188C672B9C2698001630B2 /* ItemModel.swift */; };
		80188C6C2B9C2703001630B2 /* PurchaseUc.swift in Sources */ = {isa = PBXBuildFile; fileRef = 80188C6B2B9C2703001630B2 /* PurchaseUc.swift */; };
		80188C6E2B9C27D0001630B2 /* PurchaseRepoImpl.swift in Sources */ = {isa = PBXBuildFile; fileRef = 80188C6D2B9C27D0001630B2 /* PurchaseRepoImpl.swift */; };
		80188C712B9C2804001630B2 /* EndPoint.swift in Sources */ = {isa = PBXBuildFile; fileRef = 80188C702B9C2804001630B2 /* EndPoint.swift */; };
		80188C732B9C280D001630B2 /* EndPointImpl.swift in Sources */ = {isa = PBXBuildFile; fileRef = 80188C722B9C280D001630B2 /* EndPointImpl.swift */; };
		80188C762B9C2BC4001630B2 /* PurchaseVm.swift in Sources */ = {isa = PBXBuildFile; fileRef = 80188C752B9C2BC4001630B2 /* PurchaseVm.swift */; };
		80188C782B9C2C1D001630B2 /* BaseVm.swift in Sources */ = {isa = PBXBuildFile; fileRef = 80188C772B9C2C1D001630B2 /* BaseVm.swift */; };
		80188C7B2B9C2E61001630B2 /* DataFactory.swift in Sources */ = {isa = PBXBuildFile; fileRef = 80188C7A2B9C2E61001630B2 /* DataFactory.swift */; };
		80188C7D2B9C2EB3001630B2 /* SchemeEnvironmentConfig.swift in Sources */ = {isa = PBXBuildFile; fileRef = 80188C7C2B9C2EB3001630B2 /* SchemeEnvironmentConfig.swift */; };
		80188C7F2B9C2EFD001630B2 /* DomainFactory.swift in Sources */ = {isa = PBXBuildFile; fileRef = 80188C7E2B9C2EFD001630B2 /* DomainFactory.swift */; };
		80188C812B9C2F5C001630B2 /* AppFactory.swift in Sources */ = {isa = PBXBuildFile; fileRef = 80188C802B9C2F5C001630B2 /* AppFactory.swift */; };
		80188C832B9C2F86001630B2 /* VmFactory.swift in Sources */ = {isa = PBXBuildFile; fileRef = 80188C822B9C2F86001630B2 /* VmFactory.swift */; };
		80188C862B9C7CC6001630B2 /* PurchaseCell.swift in Sources */ = {isa = PBXBuildFile; fileRef = 80188C852B9C7CC6001630B2 /* PurchaseCell.swift */; };
		80188C882B9C7E30001630B2 /* UITableViewExt.swift in Sources */ = {isa = PBXBuildFile; fileRef = 80188C872B9C7E30001630B2 /* UITableViewExt.swift */; };
		80188C8A2B9C7FCF001630B2 /* TitleOnlyHeaderCell.swift in Sources */ = {isa = PBXBuildFile; fileRef = 80188C892B9C7FCF001630B2 /* TitleOnlyHeaderCell.swift */; };
		8077C7662B9D4FD40059E54F /* DateConfig.swift in Sources */ = {isa = PBXBuildFile; fileRef = 8077C7652B9D4FD40059E54F /* DateConfig.swift */; };
		8077C7692B9D53F70059E54F /* DetailsVc.swift in Sources */ = {isa = PBXBuildFile; fileRef = 8077C7682B9D53F70059E54F /* DetailsVc.swift */; };
		8077C76C2B9D54510059E54F /* BaseCoordinator.swift in Sources */ = {isa = PBXBuildFile; fileRef = 8077C76B2B9D54510059E54F /* BaseCoordinator.swift */; };
		8077C76F2B9D8A6A0059E54F /* PurchaseOrderList.xcdatamodeld in Sources */ = {isa = PBXBuildFile; fileRef = 8077C76D2B9D8A6A0059E54F /* PurchaseOrderList.xcdatamodeld */; };
		8077C7722B9D8ADF0059E54F /* CoreDataStack.swift in Sources */ = {isa = PBXBuildFile; fileRef = 8077C7712B9D8ADF0059E54F /* CoreDataStack.swift */; };
		8077C7752B9D8D030059E54F /* AddPurchaseVc.swift in Sources */ = {isa = PBXBuildFile; fileRef = 8077C7742B9D8D030059E54F /* AddPurchaseVc.swift */; };
		8099160D2B9FC3A900A512EE /* MovieDetailsVc.swift in Sources */ = {isa = PBXBuildFile; fileRef = 8099160C2B9FC3A900A512EE /* MovieDetailsVc.swift */; };
		809916102B9FC7A000A512EE /* MovieDetailsCell.swift in Sources */ = {isa = PBXBuildFile; fileRef = 8099160F2B9FC7A000A512EE /* MovieDetailsCell.swift */; };
		80AA249A2B99D7F4002F2961 /* AppDelegate.swift in Sources */ = {isa = PBXBuildFile; fileRef = 80AA24992B99D7F4002F2961 /* AppDelegate.swift */; };
		80AA249C2B99D7F4002F2961 /* SceneDelegate.swift in Sources */ = {isa = PBXBuildFile; fileRef = 80AA249B2B99D7F4002F2961 /* SceneDelegate.swift */; };
		80AA249E2B99D7F4002F2961 /* RootVc.swift in Sources */ = {isa = PBXBuildFile; fileRef = 80AA249D2B99D7F4002F2961 /* RootVc.swift */; };
		80AA24A42B99D7F4002F2961 /* ButterflyShreejwalGiri.xcdatamodeld in Sources */ = {isa = PBXBuildFile; fileRef = 80AA24A22B99D7F4002F2961 /* ButterflyShreejwalGiri.xcdatamodeld */; };
		80AA24A62B99D7F7002F2961 /* Assets.xcassets in Resources */ = {isa = PBXBuildFile; fileRef = 80AA24A52B99D7F7002F2961 /* Assets.xcassets */; };
		80AA24A92B99D7F7002F2961 /* LaunchScreen.storyboard in Resources */ = {isa = PBXBuildFile; fileRef = 80AA24A72B99D7F7002F2961 /* LaunchScreen.storyboard */; };
		80AA24B42B99D7F8002F2961 /* ButterflyShreejwalGiriTests.swift in Sources */ = {isa = PBXBuildFile; fileRef = 80AA24B32B99D7F8002F2961 /* ButterflyShreejwalGiriTests.swift */; };
		80AA24BE2B99D7F8002F2961 /* ButterflyShreejwalGiriUITests.swift in Sources */ = {isa = PBXBuildFile; fileRef = 80AA24BD2B99D7F8002F2961 /* ButterflyShreejwalGiriUITests.swift */; };
		80AA24C02B99D7F8002F2961 /* ButterflyShreejwalGiriUITestsLaunchTests.swift in Sources */ = {isa = PBXBuildFile; fileRef = 80AA24BF2B99D7F8002F2961 /* ButterflyShreejwalGiriUITestsLaunchTests.swift */; };
		80E984E92B9DE0B70089EFEC /* AddItemVc.swift in Sources */ = {isa = PBXBuildFile; fileRef = 80E984E82B9DE0B70089EFEC /* AddItemVc.swift */; };
		80E984EC2B9E70E90089EFEC /* MovieDetails.swift in Sources */ = {isa = PBXBuildFile; fileRef = 80E984EB2B9E70E90089EFEC /* MovieDetails.swift */; };
		80E984EE2B9E71BE0089EFEC /* SpokenLanguage.swift in Sources */ = {isa = PBXBuildFile; fileRef = 80E984ED2B9E71BE0089EFEC /* SpokenLanguage.swift */; };
		80E984F02B9E71D70089EFEC /* ProductionCountry.swift in Sources */ = {isa = PBXBuildFile; fileRef = 80E984EF2B9E71D70089EFEC /* ProductionCountry.swift */; };
		80E984F22B9E72010089EFEC /* ProductionCompany.swift in Sources */ = {isa = PBXBuildFile; fileRef = 80E984F12B9E72010089EFEC /* ProductionCompany.swift */; };
		80E984F42B9E72160089EFEC /* Genre.swift in Sources */ = {isa = PBXBuildFile; fileRef = 80E984F32B9E72160089EFEC /* Genre.swift */; };
		80E984F82B9E73D10089EFEC /* MovieListRepo.swift in Sources */ = {isa = PBXBuildFile; fileRef = 80E984F72B9E73D10089EFEC /* MovieListRepo.swift */; };
		80E984FC2B9E74290089EFEC /* MovieListRepoImpl.swift in Sources */ = {isa = PBXBuildFile; fileRef = 80E984FB2B9E74290089EFEC /* MovieListRepoImpl.swift */; };
		80E984FF2B9E74590089EFEC /* MovieListUc.swift in Sources */ = {isa = PBXBuildFile; fileRef = 80E984FE2B9E74590089EFEC /* MovieListUc.swift */; };
		80E985022B9E769B0089EFEC /* MovieListVm.swift in Sources */ = {isa = PBXBuildFile; fileRef = 80E985012B9E769B0089EFEC /* MovieListVm.swift */; };
		80E985052B9E78010089EFEC /* MoviesListVc.swift in Sources */ = {isa = PBXBuildFile; fileRef = 80E985042B9E78010089EFEC /* MoviesListVc.swift */; };
		80E985082B9E810C0089EFEC /* MovieListCell.swift in Sources */ = {isa = PBXBuildFile; fileRef = 80E985072B9E810C0089EFEC /* MovieListCell.swift */; };
		80E9850C2B9EAE340089EFEC /* MovieResult.swift in Sources */ = {isa = PBXBuildFile; fileRef = 80E9850B2B9EAE340089EFEC /* MovieResult.swift */; };
		80E9850E2B9EAE4E0089EFEC /* MovieList.swift in Sources */ = {isa = PBXBuildFile; fileRef = 80E9850D2B9EAE4E0089EFEC /* MovieList.swift */; };
		80E985102B9ECCEC0089EFEC /* imageViewExt.swift in Sources */ = {isa = PBXBuildFile; fileRef = 80E9850F2B9ECCEC0089EFEC /* imageViewExt.swift */; };
		D37C5A6A87611EBA701A83D5 /* libPods-ButterflyShreejwalGiri.a in Frameworks */ = {isa = PBXBuildFile; fileRef = 03A751C2FD38BC5A4CEFB28D /* libPods-ButterflyShreejwalGiri.a */; };
/* End PBXBuildFile section */

/* Begin PBXContainerItemProxy section */
		80AA24B02B99D7F8002F2961 /* PBXContainerItemProxy */ = {
			isa = PBXContainerItemProxy;
			containerPortal = 80AA248E2B99D7F4002F2961 /* Project object */;
			proxyType = 1;
			remoteGlobalIDString = 80AA24952B99D7F4002F2961;
			remoteInfo = ButterflyShreejwalGiri;
		};
		80AA24BA2B99D7F8002F2961 /* PBXContainerItemProxy */ = {
			isa = PBXContainerItemProxy;
			containerPortal = 80AA248E2B99D7F4002F2961 /* Project object */;
			proxyType = 1;
			remoteGlobalIDString = 80AA24952B99D7F4002F2961;
			remoteInfo = ButterflyShreejwalGiri;
		};
/* End PBXContainerItemProxy section */

/* Begin PBXFileReference section */
		03A751C2FD38BC5A4CEFB28D /* libPods-ButterflyShreejwalGiri.a */ = {isa = PBXFileReference; explicitFileType = archive.ar; includeInIndex = 0; path = "libPods-ButterflyShreejwalGiri.a"; sourceTree = BUILT_PRODUCTS_DIR; };
		80188C3B2B9AE2CF001630B2 /* ApiServices.swift */ = {isa = PBXFileReference; lastKnownFileType = sourcecode.swift; path = ApiServices.swift; sourceTree = "<group>"; };
		80188C3F2B9BEBD2001630B2 /* ServiceName.swift */ = {isa = PBXFileReference; lastKnownFileType = sourcecode.swift; path = ServiceName.swift; sourceTree = "<group>"; };
		80188C412B9BED5B001630B2 /* ApiServiceRouter.swift */ = {isa = PBXFileReference; lastKnownFileType = sourcecode.swift; path = ApiServiceRouter.swift; sourceTree = "<group>"; };
		80188C432B9BED92001630B2 /* ApiServiceModel.swift */ = {isa = PBXFileReference; lastKnownFileType = sourcecode.swift; path = ApiServiceModel.swift; sourceTree = "<group>"; };
		80188C462B9BEF70001630B2 /* StoreData.swift */ = {isa = PBXFileReference; lastKnownFileType = sourcecode.swift; path = StoreData.swift; sourceTree = "<group>"; };
		80188C492B9BEFF1001630B2 /* UserDefaultConstants.swift */ = {isa = PBXFileReference; lastKnownFileType = sourcecode.swift; path = UserDefaultConstants.swift; sourceTree = "<group>"; };
		80188C4D2B9BF687001630B2 /* ParamsConstant.swift */ = {isa = PBXFileReference; lastKnownFileType = sourcecode.swift; path = ParamsConstant.swift; sourceTree = "<group>"; };
		80188C502B9BF896001630B2 /* DefaultToolBar.swift */ = {isa = PBXFileReference; lastKnownFileType = sourcecode.swift; path = DefaultToolBar.swift; sourceTree = "<group>"; };
		80188C552B9BF921001630B2 /* ImageConfig.swift */ = {isa = PBXFileReference; lastKnownFileType = sourcecode.swift; path = ImageConfig.swift; sourceTree = "<group>"; };
		80188C5A2B9BF992001630B2 /* StringExt.swift */ = {isa = PBXFileReference; lastKnownFileType = sourcecode.swift; path = StringExt.swift; sourceTree = "<group>"; };
		80188C5D2B9BFE7A001630B2 /* HomeVc.swift */ = {isa = PBXFileReference; lastKnownFileType = sourcecode.swift; path = HomeVc.swift; sourceTree = "<group>"; };
		80188C5F2B9C250D001630B2 /* PurchaseRepo.swift */ = {isa = PBXFileReference; lastKnownFileType = sourcecode.swift; path = PurchaseRepo.swift; sourceTree = "<group>"; };
		80188C622B9C2577001630B2 /* CustomTypeAlias.swift */ = {isa = PBXFileReference; lastKnownFileType = sourcecode.swift; path = CustomTypeAlias.swift; sourceTree = "<group>"; };
		80188C652B9C25B0001630B2 /* PurchaseModel.swift */ = {isa = PBXFileReference; lastKnownFileType = sourcecode.swift; path = PurchaseModel.swift; sourceTree = "<group>"; };
		80188C672B9C2698001630B2 /* ItemModel.swift */ = {isa = PBXFileReference; lastKnownFileType = sourcecode.swift; path = ItemModel.swift; sourceTree = "<group>"; };
		80188C6B2B9C2703001630B2 /* PurchaseUc.swift */ = {isa = PBXFileReference; lastKnownFileType = sourcecode.swift; path = PurchaseUc.swift; sourceTree = "<group>"; };
		80188C6D2B9C27D0001630B2 /* PurchaseRepoImpl.swift */ = {isa = PBXFileReference; lastKnownFileType = sourcecode.swift; path = PurchaseRepoImpl.swift; sourceTree = "<group>"; };
		80188C702B9C2804001630B2 /* EndPoint.swift */ = {isa = PBXFileReference; lastKnownFileType = sourcecode.swift; path = EndPoint.swift; sourceTree = "<group>"; };
		80188C722B9C280D001630B2 /* EndPointImpl.swift */ = {isa = PBXFileReference; lastKnownFileType = sourcecode.swift; path = EndPointImpl.swift; sourceTree = "<group>"; };
		80188C752B9C2BC4001630B2 /* PurchaseVm.swift */ = {isa = PBXFileReference; lastKnownFileType = sourcecode.swift; path = PurchaseVm.swift; sourceTree = "<group>"; };
		80188C772B9C2C1D001630B2 /* BaseVm.swift */ = {isa = PBXFileReference; lastKnownFileType = sourcecode.swift; path = BaseVm.swift; sourceTree = "<group>"; };
		80188C7A2B9C2E61001630B2 /* DataFactory.swift */ = {isa = PBXFileReference; lastKnownFileType = sourcecode.swift; path = DataFactory.swift; sourceTree = "<group>"; };
		80188C7C2B9C2EB3001630B2 /* SchemeEnvironmentConfig.swift */ = {isa = PBXFileReference; lastKnownFileType = sourcecode.swift; path = SchemeEnvironmentConfig.swift; sourceTree = "<group>"; };
		80188C7E2B9C2EFD001630B2 /* DomainFactory.swift */ = {isa = PBXFileReference; lastKnownFileType = sourcecode.swift; path = DomainFactory.swift; sourceTree = "<group>"; };
		80188C802B9C2F5C001630B2 /* AppFactory.swift */ = {isa = PBXFileReference; lastKnownFileType = sourcecode.swift; path = AppFactory.swift; sourceTree = "<group>"; };
		80188C822B9C2F86001630B2 /* VmFactory.swift */ = {isa = PBXFileReference; lastKnownFileType = sourcecode.swift; path = VmFactory.swift; sourceTree = "<group>"; };
		80188C852B9C7CC6001630B2 /* PurchaseCell.swift */ = {isa = PBXFileReference; lastKnownFileType = sourcecode.swift; path = PurchaseCell.swift; sourceTree = "<group>"; };
		80188C872B9C7E30001630B2 /* UITableViewExt.swift */ = {isa = PBXFileReference; lastKnownFileType = sourcecode.swift; path = UITableViewExt.swift; sourceTree = "<group>"; };
		80188C892B9C7FCF001630B2 /* TitleOnlyHeaderCell.swift */ = {isa = PBXFileReference; lastKnownFileType = sourcecode.swift; path = TitleOnlyHeaderCell.swift; sourceTree = "<group>"; };
		8077C7652B9D4FD40059E54F /* DateConfig.swift */ = {isa = PBXFileReference; lastKnownFileType = sourcecode.swift; path = DateConfig.swift; sourceTree = "<group>"; };
		8077C7682B9D53F70059E54F /* DetailsVc.swift */ = {isa = PBXFileReference; lastKnownFileType = sourcecode.swift; path = DetailsVc.swift; sourceTree = "<group>"; };
		8077C76B2B9D54510059E54F /* BaseCoordinator.swift */ = {isa = PBXFileReference; lastKnownFileType = sourcecode.swift; path = BaseCoordinator.swift; sourceTree = "<group>"; };
		8077C76E2B9D8A6A0059E54F /* PurchaseOrderList.xcdatamodel */ = {isa = PBXFileReference; lastKnownFileType = wrapper.xcdatamodel; path = PurchaseOrderList.xcdatamodel; sourceTree = "<group>"; };
		8077C7712B9D8ADF0059E54F /* CoreDataStack.swift */ = {isa = PBXFileReference; lastKnownFileType = sourcecode.swift; path = CoreDataStack.swift; sourceTree = "<group>"; };
		8077C7742B9D8D030059E54F /* AddPurchaseVc.swift */ = {isa = PBXFileReference; lastKnownFileType = sourcecode.swift; path = AddPurchaseVc.swift; sourceTree = "<group>"; };
		8099160C2B9FC3A900A512EE /* MovieDetailsVc.swift */ = {isa = PBXFileReference; lastKnownFileType = sourcecode.swift; path = MovieDetailsVc.swift; sourceTree = "<group>"; };
		8099160F2B9FC7A000A512EE /* MovieDetailsCell.swift */ = {isa = PBXFileReference; lastKnownFileType = sourcecode.swift; path = MovieDetailsCell.swift; sourceTree = "<group>"; };
		80AA24962B99D7F4002F2961 /* ButterflyShreejwalGiri.app */ = {isa = PBXFileReference; explicitFileType = wrapper.application; includeInIndex = 0; path = ButterflyShreejwalGiri.app; sourceTree = BUILT_PRODUCTS_DIR; };
		80AA24992B99D7F4002F2961 /* AppDelegate.swift */ = {isa = PBXFileReference; lastKnownFileType = sourcecode.swift; path = AppDelegate.swift; sourceTree = "<group>"; };
		80AA249B2B99D7F4002F2961 /* SceneDelegate.swift */ = {isa = PBXFileReference; lastKnownFileType = sourcecode.swift; path = SceneDelegate.swift; sourceTree = "<group>"; };
		80AA249D2B99D7F4002F2961 /* RootVc.swift */ = {isa = PBXFileReference; lastKnownFileType = sourcecode.swift; path = RootVc.swift; sourceTree = "<group>"; };
		80AA24A32B99D7F4002F2961 /* ButterflyShreejwalGiri.xcdatamodel */ = {isa = PBXFileReference; lastKnownFileType = wrapper.xcdatamodel; path = ButterflyShreejwalGiri.xcdatamodel; sourceTree = "<group>"; };
		80AA24A52B99D7F7002F2961 /* Assets.xcassets */ = {isa = PBXFileReference; lastKnownFileType = folder.assetcatalog; path = Assets.xcassets; sourceTree = "<group>"; };
		80AA24A82B99D7F7002F2961 /* Base */ = {isa = PBXFileReference; lastKnownFileType = file.storyboard; name = Base; path = Base.lproj/LaunchScreen.storyboard; sourceTree = "<group>"; };
		80AA24AA2B99D7F7002F2961 /* Info.plist */ = {isa = PBXFileReference; lastKnownFileType = text.plist.xml; path = Info.plist; sourceTree = "<group>"; };
		80AA24AF2B99D7F8002F2961 /* ButterflyShreejwalGiriTests.xctest */ = {isa = PBXFileReference; explicitFileType = wrapper.cfbundle; includeInIndex = 0; path = ButterflyShreejwalGiriTests.xctest; sourceTree = BUILT_PRODUCTS_DIR; };
		80AA24B32B99D7F8002F2961 /* ButterflyShreejwalGiriTests.swift */ = {isa = PBXFileReference; lastKnownFileType = sourcecode.swift; path = ButterflyShreejwalGiriTests.swift; sourceTree = "<group>"; };
		80AA24B92B99D7F8002F2961 /* ButterflyShreejwalGiriUITests.xctest */ = {isa = PBXFileReference; explicitFileType = wrapper.cfbundle; includeInIndex = 0; path = ButterflyShreejwalGiriUITests.xctest; sourceTree = BUILT_PRODUCTS_DIR; };
		80AA24BD2B99D7F8002F2961 /* ButterflyShreejwalGiriUITests.swift */ = {isa = PBXFileReference; lastKnownFileType = sourcecode.swift; path = ButterflyShreejwalGiriUITests.swift; sourceTree = "<group>"; };
		80AA24BF2B99D7F8002F2961 /* ButterflyShreejwalGiriUITestsLaunchTests.swift */ = {isa = PBXFileReference; lastKnownFileType = sourcecode.swift; path = ButterflyShreejwalGiriUITestsLaunchTests.swift; sourceTree = "<group>"; };
		80E984E82B9DE0B70089EFEC /* AddItemVc.swift */ = {isa = PBXFileReference; lastKnownFileType = sourcecode.swift; path = AddItemVc.swift; sourceTree = "<group>"; };
		80E984EB2B9E70E90089EFEC /* MovieDetails.swift */ = {isa = PBXFileReference; lastKnownFileType = sourcecode.swift; path = MovieDetails.swift; sourceTree = "<group>"; };
		80E984ED2B9E71BE0089EFEC /* SpokenLanguage.swift */ = {isa = PBXFileReference; lastKnownFileType = sourcecode.swift; path = SpokenLanguage.swift; sourceTree = "<group>"; };
		80E984EF2B9E71D70089EFEC /* ProductionCountry.swift */ = {isa = PBXFileReference; lastKnownFileType = sourcecode.swift; path = ProductionCountry.swift; sourceTree = "<group>"; };
		80E984F12B9E72010089EFEC /* ProductionCompany.swift */ = {isa = PBXFileReference; lastKnownFileType = sourcecode.swift; path = ProductionCompany.swift; sourceTree = "<group>"; };
		80E984F32B9E72160089EFEC /* Genre.swift */ = {isa = PBXFileReference; lastKnownFileType = sourcecode.swift; path = Genre.swift; sourceTree = "<group>"; };
		80E984F72B9E73D10089EFEC /* MovieListRepo.swift */ = {isa = PBXFileReference; lastKnownFileType = sourcecode.swift; path = MovieListRepo.swift; sourceTree = "<group>"; };
		80E984FB2B9E74290089EFEC /* MovieListRepoImpl.swift */ = {isa = PBXFileReference; lastKnownFileType = sourcecode.swift; path = MovieListRepoImpl.swift; sourceTree = "<group>"; };
		80E984FE2B9E74590089EFEC /* MovieListUc.swift */ = {isa = PBXFileReference; lastKnownFileType = sourcecode.swift; path = MovieListUc.swift; sourceTree = "<group>"; };
		80E985012B9E769B0089EFEC /* MovieListVm.swift */ = {isa = PBXFileReference; lastKnownFileType = sourcecode.swift; path = MovieListVm.swift; sourceTree = "<group>"; };
		80E985042B9E78010089EFEC /* MoviesListVc.swift */ = {isa = PBXFileReference; lastKnownFileType = sourcecode.swift; path = MoviesListVc.swift; sourceTree = "<group>"; };
		80E985072B9E810C0089EFEC /* MovieListCell.swift */ = {isa = PBXFileReference; lastKnownFileType = sourcecode.swift; path = MovieListCell.swift; sourceTree = "<group>"; };
		80E9850B2B9EAE340089EFEC /* MovieResult.swift */ = {isa = PBXFileReference; lastKnownFileType = sourcecode.swift; path = MovieResult.swift; sourceTree = "<group>"; };
		80E9850D2B9EAE4E0089EFEC /* MovieList.swift */ = {isa = PBXFileReference; lastKnownFileType = sourcecode.swift; path = MovieList.swift; sourceTree = "<group>"; };
		80E9850F2B9ECCEC0089EFEC /* imageViewExt.swift */ = {isa = PBXFileReference; lastKnownFileType = sourcecode.swift; path = imageViewExt.swift; sourceTree = "<group>"; };
		A4CBCBFF041977704EA34712 /* Pods-ButterflyShreejwalGiri.release.xcconfig */ = {isa = PBXFileReference; includeInIndex = 1; lastKnownFileType = text.xcconfig; name = "Pods-ButterflyShreejwalGiri.release.xcconfig"; path = "Target Support Files/Pods-ButterflyShreejwalGiri/Pods-ButterflyShreejwalGiri.release.xcconfig"; sourceTree = "<group>"; };
		E2B6168F766B9D4EE4A1D8FB /* Pods-ButterflyShreejwalGiri.debug.xcconfig */ = {isa = PBXFileReference; includeInIndex = 1; lastKnownFileType = text.xcconfig; name = "Pods-ButterflyShreejwalGiri.debug.xcconfig"; path = "Target Support Files/Pods-ButterflyShreejwalGiri/Pods-ButterflyShreejwalGiri.debug.xcconfig"; sourceTree = "<group>"; };
/* End PBXFileReference section */

/* Begin PBXFrameworksBuildPhase section */
		80AA24932B99D7F4002F2961 /* Frameworks */ = {
			isa = PBXFrameworksBuildPhase;
			buildActionMask = 2147483647;
			files = (
				D37C5A6A87611EBA701A83D5 /* libPods-ButterflyShreejwalGiri.a in Frameworks */,
			);
			runOnlyForDeploymentPostprocessing = 0;
		};
		80AA24AC2B99D7F8002F2961 /* Frameworks */ = {
			isa = PBXFrameworksBuildPhase;
			buildActionMask = 2147483647;
			files = (
			);
			runOnlyForDeploymentPostprocessing = 0;
		};
		80AA24B62B99D7F8002F2961 /* Frameworks */ = {
			isa = PBXFrameworksBuildPhase;
			buildActionMask = 2147483647;
			files = (
			);
			runOnlyForDeploymentPostprocessing = 0;
		};
/* End PBXFrameworksBuildPhase section */

/* Begin PBXGroup section */
		66EC18F300E6B6A530E2647D /* Frameworks */ = {
			isa = PBXGroup;
			children = (
				03A751C2FD38BC5A4CEFB28D /* libPods-ButterflyShreejwalGiri.a */,
			);
			name = Frameworks;
			sourceTree = "<group>";
		};
		80188C2B2B9ADE8A001630B2 /* BusinessLogic */ = {
			isa = PBXGroup;
			children = (
				80188C392B9AE294001630B2 /* EndpointImpl */,
				80188C382B9AE28D001630B2 /* Endpoint */,
				80188C322B9ADEEE001630B2 /* ApiService */,
				80188C302B9ADEC7001630B2 /* RepoImpl */,
				80188C2F2B9ADEC2001630B2 /* Repo */,
				80188C2E2B9ADEBD001630B2 /* Model */,
				80188C2D2B9ADEB2001630B2 /* UseCase */,
				80188C2C2B9ADEA9001630B2 /* ViewModel */,
			);
			path = BusinessLogic;
			sourceTree = "<group>";
		};
		80188C2C2B9ADEA9001630B2 /* ViewModel */ = {
			isa = PBXGroup;
			children = (
				80E985002B9E768F0089EFEC /* Movie */,
				80188C742B9C2BB7001630B2 /* Purchase */,
				80188C772B9C2C1D001630B2 /* BaseVm.swift */,
			);
			path = ViewModel;
			sourceTree = "<group>";
		};
		80188C2D2B9ADEB2001630B2 /* UseCase */ = {
			isa = PBXGroup;
			children = (
				80E984FD2B9E744E0089EFEC /* Movie */,
				80188C6A2B9C26F9001630B2 /* Purchse */,
			);
			path = UseCase;
			sourceTree = "<group>";
		};
		80188C2E2B9ADEBD001630B2 /* Model */ = {
			isa = PBXGroup;
			children = (
				80E984EA2B9E70DD0089EFEC /* Movie */,
				80188C642B9C25A1001630B2 /* Purchse  */,
				80188C432B9BED92001630B2 /* ApiServiceModel.swift */,
			);
			path = Model;
			sourceTree = "<group>";
		};
		80188C2F2B9ADEC2001630B2 /* Repo */ = {
			isa = PBXGroup;
			children = (
				80E984F62B9E73B90089EFEC /* Purchase */,
				80E984F52B9E73B40089EFEC /* Movie */,
			);
			path = Repo;
			sourceTree = "<group>";
		};
		80188C302B9ADEC7001630B2 /* RepoImpl */ = {
			isa = PBXGroup;
			children = (
				80E984FA2B9E741D0089EFEC /* Movie */,
				80E984F92B9E74160089EFEC /* Purchase */,
			);
			path = RepoImpl;
			sourceTree = "<group>";
		};
		80188C312B9ADEDA001630B2 /* ViewControllers */ = {
			isa = PBXGroup;
			children = (
				80E985032B9E77EF0089EFEC /* Movies */,
				8077C7732B9D8CF30059E54F /* AddPurchase */,
				8077C7672B9D53EC0059E54F /* Details */,
				80188C5C2B9BFE70001630B2 /* Home */,
				80188C4F2B9BF88B001630B2 /* CommonViews */,
				80AA249D2B99D7F4002F2961 /* RootVc.swift */,
			);
			path = ViewControllers;
			sourceTree = "<group>";
		};
		80188C322B9ADEEE001630B2 /* ApiService */ = {
			isa = PBXGroup;
			children = (
				80188C3B2B9AE2CF001630B2 /* ApiServices.swift */,
				80188C3F2B9BEBD2001630B2 /* ServiceName.swift */,
				80188C412B9BED5B001630B2 /* ApiServiceRouter.swift */,
			);
			path = ApiService;
			sourceTree = "<group>";
		};
		80188C382B9AE28D001630B2 /* Endpoint */ = {
			isa = PBXGroup;
			children = (
				80188C702B9C2804001630B2 /* EndPoint.swift */,
				80188C722B9C280D001630B2 /* EndPointImpl.swift */,
			);
			path = Endpoint;
			sourceTree = "<group>";
		};
		80188C392B9AE294001630B2 /* EndpointImpl */ = {
			isa = PBXGroup;
			children = (
			);
			path = EndpointImpl;
			sourceTree = "<group>";
		};
		80188C3D2B9AE2D7001630B2 /* Coordinator */ = {
			isa = PBXGroup;
			children = (
				8077C76B2B9D54510059E54F /* BaseCoordinator.swift */,
			);
			path = Coordinator;
			sourceTree = "<group>";
		};
		80188C452B9BEF55001630B2 /* UserDefault */ = {
			isa = PBXGroup;
			children = (
				80188C462B9BEF70001630B2 /* StoreData.swift */,
			);
			path = UserDefault;
			sourceTree = "<group>";
		};
		80188C482B9BEFDB001630B2 /* Constants */ = {
			isa = PBXGroup;
			children = (
				80188C492B9BEFF1001630B2 /* UserDefaultConstants.swift */,
				80188C4D2B9BF687001630B2 /* ParamsConstant.swift */,
			);
			path = Constants;
			sourceTree = "<group>";
		};
		80188C4F2B9BF88B001630B2 /* CommonViews */ = {
			isa = PBXGroup;
			children = (
				80188C502B9BF896001630B2 /* DefaultToolBar.swift */,
			);
			path = CommonViews;
			sourceTree = "<group>";
		};
		80188C542B9BF915001630B2 /* Configuration */ = {
			isa = PBXGroup;
			children = (
				80188C552B9BF921001630B2 /* ImageConfig.swift */,
				80188C7C2B9C2EB3001630B2 /* SchemeEnvironmentConfig.swift */,
				8077C7652B9D4FD40059E54F /* DateConfig.swift */,
			);
			path = Configuration;
			sourceTree = "<group>";
		};
		80188C592B9BF986001630B2 /* Extention */ = {
			isa = PBXGroup;
			children = (
				80188C5A2B9BF992001630B2 /* StringExt.swift */,
				80188C872B9C7E30001630B2 /* UITableViewExt.swift */,
				80E9850F2B9ECCEC0089EFEC /* imageViewExt.swift */,
			);
			path = Extention;
			sourceTree = "<group>";
		};
		80188C5C2B9BFE70001630B2 /* Home */ = {
			isa = PBXGroup;
			children = (
				80188C842B9C7CA2001630B2 /* TableCell */,
				80188C5D2B9BFE7A001630B2 /* HomeVc.swift */,
			);
			path = Home;
			sourceTree = "<group>";
		};
		80188C612B9C2552001630B2 /* CustomTypeAlias */ = {
			isa = PBXGroup;
			children = (
				80188C622B9C2577001630B2 /* CustomTypeAlias.swift */,
			);
			path = CustomTypeAlias;
			sourceTree = "<group>";
		};
		80188C642B9C25A1001630B2 /* Purchse  */ = {
			isa = PBXGroup;
			children = (
				80188C652B9C25B0001630B2 /* PurchaseModel.swift */,
				80188C672B9C2698001630B2 /* ItemModel.swift */,
			);
			path = "Purchse ";
			sourceTree = "<group>";
		};
		80188C6A2B9C26F9001630B2 /* Purchse */ = {
			isa = PBXGroup;
			children = (
				80188C6B2B9C2703001630B2 /* PurchaseUc.swift */,
			);
			path = Purchse;
			sourceTree = "<group>";
		};
		80188C742B9C2BB7001630B2 /* Purchase */ = {
			isa = PBXGroup;
			children = (
				80188C752B9C2BC4001630B2 /* PurchaseVm.swift */,
			);
			path = Purchase;
			sourceTree = "<group>";
		};
		80188C792B9C2DFD001630B2 /* Factory */ = {
			isa = PBXGroup;
			children = (
				80188C7A2B9C2E61001630B2 /* DataFactory.swift */,
				80188C7E2B9C2EFD001630B2 /* DomainFactory.swift */,
				80188C802B9C2F5C001630B2 /* AppFactory.swift */,
				80188C822B9C2F86001630B2 /* VmFactory.swift */,
			);
			path = Factory;
			sourceTree = "<group>";
		};
		80188C842B9C7CA2001630B2 /* TableCell */ = {
			isa = PBXGroup;
			children = (
				80188C852B9C7CC6001630B2 /* PurchaseCell.swift */,
				80188C892B9C7FCF001630B2 /* TitleOnlyHeaderCell.swift */,
			);
			path = TableCell;
			sourceTree = "<group>";
		};
		8077C7672B9D53EC0059E54F /* Details */ = {
			isa = PBXGroup;
			children = (
				8077C7682B9D53F70059E54F /* DetailsVc.swift */,
			);
			path = Details;
			sourceTree = "<group>";
		};
		8077C7702B9D8AD30059E54F /* CoreData */ = {
			isa = PBXGroup;
			children = (
				8077C7712B9D8ADF0059E54F /* CoreDataStack.swift */,
			);
			path = CoreData;
			sourceTree = "<group>";
		};
		8077C7732B9D8CF30059E54F /* AddPurchase */ = {
			isa = PBXGroup;
			children = (
				8077C7742B9D8D030059E54F /* AddPurchaseVc.swift */,
				80E984E82B9DE0B70089EFEC /* AddItemVc.swift */,
			);
			path = AddPurchase;
			sourceTree = "<group>";
		};
		8099160A2B9FC38D00A512EE /* MovieDetails */ = {
			isa = PBXGroup;
			children = (
				8099160E2B9FC79000A512EE /* TableViewCell */,
				8099160C2B9FC3A900A512EE /* MovieDetailsVc.swift */,
			);
			path = MovieDetails;
			sourceTree = "<group>";
		};
		8099160E2B9FC79000A512EE /* TableViewCell */ = {
			isa = PBXGroup;
			children = (
				8099160F2B9FC7A000A512EE /* MovieDetailsCell.swift */,
			);
			path = TableViewCell;
			sourceTree = "<group>";
		};
		80AA248D2B99D7F4002F2961 = {
			isa = PBXGroup;
			children = (
				80AA24982B99D7F4002F2961 /* ButterflyShreejwalGiri */,
				80AA24B22B99D7F8002F2961 /* ButterflyShreejwalGiriTests */,
				80AA24BC2B99D7F8002F2961 /* ButterflyShreejwalGiriUITests */,
				80AA24972B99D7F4002F2961 /* Products */,
				CFADB45C3FFFB2332A03D1E7 /* Pods */,
				66EC18F300E6B6A530E2647D /* Frameworks */,
			);
			sourceTree = "<group>";
		};
		80AA24972B99D7F4002F2961 /* Products */ = {
			isa = PBXGroup;
			children = (
				80AA24962B99D7F4002F2961 /* ButterflyShreejwalGiri.app */,
				80AA24AF2B99D7F8002F2961 /* ButterflyShreejwalGiriTests.xctest */,
				80AA24B92B99D7F8002F2961 /* ButterflyShreejwalGiriUITests.xctest */,
			);
			name = Products;
			sourceTree = "<group>";
		};
		80AA24982B99D7F4002F2961 /* ButterflyShreejwalGiri */ = {
			isa = PBXGroup;
			children = (
				8077C7702B9D8AD30059E54F /* CoreData */,
				8077C76D2B9D8A6A0059E54F /* PurchaseOrderList.xcdatamodeld */,
				80188C792B9C2DFD001630B2 /* Factory */,
				80188C612B9C2552001630B2 /* CustomTypeAlias */,
				80188C592B9BF986001630B2 /* Extention */,
				80188C542B9BF915001630B2 /* Configuration */,
				80188C482B9BEFDB001630B2 /* Constants */,
				80188C452B9BEF55001630B2 /* UserDefault */,
				80188C3D2B9AE2D7001630B2 /* Coordinator */,
				80188C312B9ADEDA001630B2 /* ViewControllers */,
				80188C2B2B9ADE8A001630B2 /* BusinessLogic */,
				80AA24992B99D7F4002F2961 /* AppDelegate.swift */,
				80AA249B2B99D7F4002F2961 /* SceneDelegate.swift */,
				80AA24A52B99D7F7002F2961 /* Assets.xcassets */,
				80AA24A72B99D7F7002F2961 /* LaunchScreen.storyboard */,
				80AA24AA2B99D7F7002F2961 /* Info.plist */,
				80AA24A22B99D7F4002F2961 /* ButterflyShreejwalGiri.xcdatamodeld */,
			);
			path = ButterflyShreejwalGiri;
			sourceTree = "<group>";
		};
		80AA24B22B99D7F8002F2961 /* ButterflyShreejwalGiriTests */ = {
			isa = PBXGroup;
			children = (
				80AA24B32B99D7F8002F2961 /* ButterflyShreejwalGiriTests.swift */,
			);
			path = ButterflyShreejwalGiriTests;
			sourceTree = "<group>";
		};
		80AA24BC2B99D7F8002F2961 /* ButterflyShreejwalGiriUITests */ = {
			isa = PBXGroup;
			children = (
				80AA24BD2B99D7F8002F2961 /* ButterflyShreejwalGiriUITests.swift */,
				80AA24BF2B99D7F8002F2961 /* ButterflyShreejwalGiriUITestsLaunchTests.swift */,
			);
			path = ButterflyShreejwalGiriUITests;
			sourceTree = "<group>";
		};
		80E984EA2B9E70DD0089EFEC /* Movie */ = {
			isa = PBXGroup;
			children = (
				80E9850A2B9EAE120089EFEC /* MovieList */,
				80E985092B9EAE0D0089EFEC /* MovieDetails */,
			);
			path = Movie;
			sourceTree = "<group>";
		};
		80E984F52B9E73B40089EFEC /* Movie */ = {
			isa = PBXGroup;
			children = (
				80E984F72B9E73D10089EFEC /* MovieListRepo.swift */,
			);
			path = Movie;
			sourceTree = "<group>";
		};
		80E984F62B9E73B90089EFEC /* Purchase */ = {
			isa = PBXGroup;
			children = (
				80188C5F2B9C250D001630B2 /* PurchaseRepo.swift */,
			);
			path = Purchase;
			sourceTree = "<group>";
		};
		80E984F92B9E74160089EFEC /* Purchase */ = {
			isa = PBXGroup;
			children = (
				80188C6D2B9C27D0001630B2 /* PurchaseRepoImpl.swift */,
			);
			path = Purchase;
			sourceTree = "<group>";
		};
		80E984FA2B9E741D0089EFEC /* Movie */ = {
			isa = PBXGroup;
			children = (
				80E984FB2B9E74290089EFEC /* MovieListRepoImpl.swift */,
			);
			path = Movie;
			sourceTree = "<group>";
		};
		80E984FD2B9E744E0089EFEC /* Movie */ = {
			isa = PBXGroup;
			children = (
				80E984FE2B9E74590089EFEC /* MovieListUc.swift */,
			);
			path = Movie;
			sourceTree = "<group>";
		};
		80E985002B9E768F0089EFEC /* Movie */ = {
			isa = PBXGroup;
			children = (
				80E985012B9E769B0089EFEC /* MovieListVm.swift */,
			);
			path = Movie;
			sourceTree = "<group>";
		};
		80E985032B9E77EF0089EFEC /* Movies */ = {
			isa = PBXGroup;
			children = (
				8099160A2B9FC38D00A512EE /* MovieDetails */,
				80E985062B9E80F00089EFEC /* TableCell */,
				80E985042B9E78010089EFEC /* MoviesListVc.swift */,
			);
			path = Movies;
			sourceTree = "<group>";
		};
		80E985062B9E80F00089EFEC /* TableCell */ = {
			isa = PBXGroup;
			children = (
				80E985072B9E810C0089EFEC /* MovieListCell.swift */,
			);
			path = TableCell;
			sourceTree = "<group>";
		};
		80E985092B9EAE0D0089EFEC /* MovieDetails */ = {
			isa = PBXGroup;
			children = (
				80E984EB2B9E70E90089EFEC /* MovieDetails.swift */,
				80E984ED2B9E71BE0089EFEC /* SpokenLanguage.swift */,
				80E984EF2B9E71D70089EFEC /* ProductionCountry.swift */,
				80E984F12B9E72010089EFEC /* ProductionCompany.swift */,
				80E984F32B9E72160089EFEC /* Genre.swift */,
			);
			path = MovieDetails;
			sourceTree = "<group>";
		};
		80E9850A2B9EAE120089EFEC /* MovieList */ = {
			isa = PBXGroup;
			children = (
				80E9850B2B9EAE340089EFEC /* MovieResult.swift */,
				80E9850D2B9EAE4E0089EFEC /* MovieList.swift */,
			);
			path = MovieList;
			sourceTree = "<group>";
		};
		CFADB45C3FFFB2332A03D1E7 /* Pods */ = {
			isa = PBXGroup;
			children = (
				E2B6168F766B9D4EE4A1D8FB /* Pods-ButterflyShreejwalGiri.debug.xcconfig */,
				A4CBCBFF041977704EA34712 /* Pods-ButterflyShreejwalGiri.release.xcconfig */,
			);
			path = Pods;
			sourceTree = "<group>";
		};
/* End PBXGroup section */

/* Begin PBXNativeTarget section */
		80AA24952B99D7F4002F2961 /* ButterflyShreejwalGiri */ = {
			isa = PBXNativeTarget;
			buildConfigurationList = 80AA24C32B99D7F8002F2961 /* Build configuration list for PBXNativeTarget "ButterflyShreejwalGiri" */;
			buildPhases = (
				0B381240DCA9B9E8FAFD0399 /* [CP] Check Pods Manifest.lock */,
				80AA24922B99D7F4002F2961 /* Sources */,
				80AA24932B99D7F4002F2961 /* Frameworks */,
				80AA24942B99D7F4002F2961 /* Resources */,
				E37EF9FE57BD45E20DB9F529 /* [CP] Copy Pods Resources */,
			);
			buildRules = (
			);
			dependencies = (
			);
			name = ButterflyShreejwalGiri;
			productName = ButterflyShreejwalGiri;
			productReference = 80AA24962B99D7F4002F2961 /* ButterflyShreejwalGiri.app */;
			productType = "com.apple.product-type.application";
		};
		80AA24AE2B99D7F8002F2961 /* ButterflyShreejwalGiriTests */ = {
			isa = PBXNativeTarget;
			buildConfigurationList = 80AA24C62B99D7F8002F2961 /* Build configuration list for PBXNativeTarget "ButterflyShreejwalGiriTests" */;
			buildPhases = (
				80AA24AB2B99D7F8002F2961 /* Sources */,
				80AA24AC2B99D7F8002F2961 /* Frameworks */,
				80AA24AD2B99D7F8002F2961 /* Resources */,
			);
			buildRules = (
			);
			dependencies = (
				80AA24B12B99D7F8002F2961 /* PBXTargetDependency */,
			);
			name = ButterflyShreejwalGiriTests;
			productName = ButterflyShreejwalGiriTests;
			productReference = 80AA24AF2B99D7F8002F2961 /* ButterflyShreejwalGiriTests.xctest */;
			productType = "com.apple.product-type.bundle.unit-test";
		};
		80AA24B82B99D7F8002F2961 /* ButterflyShreejwalGiriUITests */ = {
			isa = PBXNativeTarget;
			buildConfigurationList = 80AA24C92B99D7F8002F2961 /* Build configuration list for PBXNativeTarget "ButterflyShreejwalGiriUITests" */;
			buildPhases = (
				80AA24B52B99D7F8002F2961 /* Sources */,
				80AA24B62B99D7F8002F2961 /* Frameworks */,
				80AA24B72B99D7F8002F2961 /* Resources */,
			);
			buildRules = (
			);
			dependencies = (
				80AA24BB2B99D7F8002F2961 /* PBXTargetDependency */,
			);
			name = ButterflyShreejwalGiriUITests;
			productName = ButterflyShreejwalGiriUITests;
			productReference = 80AA24B92B99D7F8002F2961 /* ButterflyShreejwalGiriUITests.xctest */;
			productType = "com.apple.product-type.bundle.ui-testing";
		};
/* End PBXNativeTarget section */

/* Begin PBXProject section */
		80AA248E2B99D7F4002F2961 /* Project object */ = {
			isa = PBXProject;
			attributes = {
				BuildIndependentTargetsInParallel = 1;
				LastSwiftUpdateCheck = 1520;
				LastUpgradeCheck = 1520;
				TargetAttributes = {
					80AA24952B99D7F4002F2961 = {
						CreatedOnToolsVersion = 15.2;
					};
					80AA24AE2B99D7F8002F2961 = {
						CreatedOnToolsVersion = 15.2;
						TestTargetID = 80AA24952B99D7F4002F2961;
					};
					80AA24B82B99D7F8002F2961 = {
						CreatedOnToolsVersion = 15.2;
						TestTargetID = 80AA24952B99D7F4002F2961;
					};
				};
			};
			buildConfigurationList = 80AA24912B99D7F4002F2961 /* Build configuration list for PBXProject "ButterflyShreejwalGiri" */;
			compatibilityVersion = "Xcode 14.0";
			developmentRegion = en;
			hasScannedForEncodings = 0;
			knownRegions = (
				en,
				Base,
			);
			mainGroup = 80AA248D2B99D7F4002F2961;
			productRefGroup = 80AA24972B99D7F4002F2961 /* Products */;
			projectDirPath = "";
			projectRoot = "";
			targets = (
				80AA24952B99D7F4002F2961 /* ButterflyShreejwalGiri */,
				80AA24AE2B99D7F8002F2961 /* ButterflyShreejwalGiriTests */,
				80AA24B82B99D7F8002F2961 /* ButterflyShreejwalGiriUITests */,
			);
		};
/* End PBXProject section */

/* Begin PBXResourcesBuildPhase section */
		80AA24942B99D7F4002F2961 /* Resources */ = {
			isa = PBXResourcesBuildPhase;
			buildActionMask = 2147483647;
			files = (
				80AA24A92B99D7F7002F2961 /* LaunchScreen.storyboard in Resources */,
				80AA24A62B99D7F7002F2961 /* Assets.xcassets in Resources */,
			);
			runOnlyForDeploymentPostprocessing = 0;
		};
		80AA24AD2B99D7F8002F2961 /* Resources */ = {
			isa = PBXResourcesBuildPhase;
			buildActionMask = 2147483647;
			files = (
			);
			runOnlyForDeploymentPostprocessing = 0;
		};
		80AA24B72B99D7F8002F2961 /* Resources */ = {
			isa = PBXResourcesBuildPhase;
			buildActionMask = 2147483647;
			files = (
			);
			runOnlyForDeploymentPostprocessing = 0;
		};
/* End PBXResourcesBuildPhase section */

/* Begin PBXShellScriptBuildPhase section */
		0B381240DCA9B9E8FAFD0399 /* [CP] Check Pods Manifest.lock */ = {
			isa = PBXShellScriptBuildPhase;
			buildActionMask = 2147483647;
			files = (
			);
			inputFileListPaths = (
			);
			inputPaths = (
				"${PODS_PODFILE_DIR_PATH}/Podfile.lock",
				"${PODS_ROOT}/Manifest.lock",
			);
			name = "[CP] Check Pods Manifest.lock";
			outputFileListPaths = (
			);
			outputPaths = (
				"$(DERIVED_FILE_DIR)/Pods-ButterflyShreejwalGiri-checkManifestLockResult.txt",
			);
			runOnlyForDeploymentPostprocessing = 0;
			shellPath = /bin/sh;
			shellScript = "diff \"${PODS_PODFILE_DIR_PATH}/Podfile.lock\" \"${PODS_ROOT}/Manifest.lock\" > /dev/null\nif [ $? != 0 ] ; then\n    # print error to STDERR\n    echo \"error: The sandbox is not in sync with the Podfile.lock. Run 'pod install' or update your CocoaPods installation.\" >&2\n    exit 1\nfi\n# This output is used by Xcode 'outputs' to avoid re-running this script phase.\necho \"SUCCESS\" > \"${SCRIPT_OUTPUT_FILE_0}\"\n";
			showEnvVarsInLog = 0;
		};
		E37EF9FE57BD45E20DB9F529 /* [CP] Copy Pods Resources */ = {
			isa = PBXShellScriptBuildPhase;
			buildActionMask = 2147483647;
			files = (
			);
			inputFileListPaths = (
				"${PODS_ROOT}/Target Support Files/Pods-ButterflyShreejwalGiri/Pods-ButterflyShreejwalGiri-resources-${CONFIGURATION}-input-files.xcfilelist",
			);
			name = "[CP] Copy Pods Resources";
			outputFileListPaths = (
				"${PODS_ROOT}/Target Support Files/Pods-ButterflyShreejwalGiri/Pods-ButterflyShreejwalGiri-resources-${CONFIGURATION}-output-files.xcfilelist",
			);
			runOnlyForDeploymentPostprocessing = 0;
			shellPath = /bin/sh;
			shellScript = "\"${PODS_ROOT}/Target Support Files/Pods-ButterflyShreejwalGiri/Pods-ButterflyShreejwalGiri-resources.sh\"\n";
			showEnvVarsInLog = 0;
		};
/* End PBXShellScriptBuildPhase section */

/* Begin PBXSourcesBuildPhase section */
		80AA24922B99D7F4002F2961 /* Sources */ = {
			isa = PBXSourcesBuildPhase;
			buildActionMask = 2147483647;
			files = (
				80E984FF2B9E74590089EFEC /* MovieListUc.swift in Sources */,
				80188C4A2B9BEFF1001630B2 /* UserDefaultConstants.swift in Sources */,
				80188C882B9C7E30001630B2 /* UITableViewExt.swift in Sources */,
				80E985022B9E769B0089EFEC /* MovieListVm.swift in Sources */,
				80188C6E2B9C27D0001630B2 /* PurchaseRepoImpl.swift in Sources */,
				8077C7752B9D8D030059E54F /* AddPurchaseVc.swift in Sources */,
				80188C402B9BEBD2001630B2 /* ServiceName.swift in Sources */,
				809916102B9FC7A000A512EE /* MovieDetailsCell.swift in Sources */,
				80188C682B9C2698001630B2 /* ItemModel.swift in Sources */,
				80188C732B9C280D001630B2 /* EndPointImpl.swift in Sources */,
				80188C712B9C2804001630B2 /* EndPoint.swift in Sources */,
				80E984F22B9E72010089EFEC /* ProductionCompany.swift in Sources */,
				80E985082B9E810C0089EFEC /* MovieListCell.swift in Sources */,
				80E984F42B9E72160089EFEC /* Genre.swift in Sources */,
				80188C8A2B9C7FCF001630B2 /* TitleOnlyHeaderCell.swift in Sources */,
				80AA24A42B99D7F4002F2961 /* ButterflyShreejwalGiri.xcdatamodeld in Sources */,
				80AA249E2B99D7F4002F2961 /* RootVc.swift in Sources */,
				80AA249A2B99D7F4002F2961 /* AppDelegate.swift in Sources */,
				80188C442B9BED92001630B2 /* ApiServiceModel.swift in Sources */,
				80188C5E2B9BFE7A001630B2 /* HomeVc.swift in Sources */,
				80E984F02B9E71D70089EFEC /* ProductionCountry.swift in Sources */,
				80AA249C2B99D7F4002F2961 /* SceneDelegate.swift in Sources */,
				80188C512B9BF896001630B2 /* DefaultToolBar.swift in Sources */,
				8077C7692B9D53F70059E54F /* DetailsVc.swift in Sources */,
				80E9850C2B9EAE340089EFEC /* MovieResult.swift in Sources */,
				8077C7662B9D4FD40059E54F /* DateConfig.swift in Sources */,
				80188C472B9BEF70001630B2 /* StoreData.swift in Sources */,
				8099160D2B9FC3A900A512EE /* MovieDetailsVc.swift in Sources */,
				80188C782B9C2C1D001630B2 /* BaseVm.swift in Sources */,
				8077C76C2B9D54510059E54F /* BaseCoordinator.swift in Sources */,
				80188C662B9C25B0001630B2 /* PurchaseModel.swift in Sources */,
				80188C862B9C7CC6001630B2 /* PurchaseCell.swift in Sources */,
				8077C76F2B9D8A6A0059E54F /* PurchaseOrderList.xcdatamodeld in Sources */,
				80188C7B2B9C2E61001630B2 /* DataFactory.swift in Sources */,
				80E984FC2B9E74290089EFEC /* MovieListRepoImpl.swift in Sources */,
				80188C3C2B9AE2CF001630B2 /* ApiServices.swift in Sources */,
				80188C5B2B9BF992001630B2 /* StringExt.swift in Sources */,
				80E984F82B9E73D10089EFEC /* MovieListRepo.swift in Sources */,
				80E984EE2B9E71BE0089EFEC /* SpokenLanguage.swift in Sources */,
				80188C832B9C2F86001630B2 /* VmFactory.swift in Sources */,
				8077C7722B9D8ADF0059E54F /* CoreDataStack.swift in Sources */,
				80188C762B9C2BC4001630B2 /* PurchaseVm.swift in Sources */,
				80E984EC2B9E70E90089EFEC /* MovieDetails.swift in Sources */,
				80188C7D2B9C2EB3001630B2 /* SchemeEnvironmentConfig.swift in Sources */,
				80E985102B9ECCEC0089EFEC /* imageViewExt.swift in Sources */,
				80188C6C2B9C2703001630B2 /* PurchaseUc.swift in Sources */,
				80E9850E2B9EAE4E0089EFEC /* MovieList.swift in Sources */,
				80188C7F2B9C2EFD001630B2 /* DomainFactory.swift in Sources */,
				80188C812B9C2F5C001630B2 /* AppFactory.swift in Sources */,
				80E985052B9E78010089EFEC /* MoviesListVc.swift in Sources */,
				80188C632B9C2577001630B2 /* CustomTypeAlias.swift in Sources */,
				80E984E92B9DE0B70089EFEC /* AddItemVc.swift in Sources */,
				80188C422B9BED5B001630B2 /* ApiServiceRouter.swift in Sources */,
				80188C4E2B9BF687001630B2 /* ParamsConstant.swift in Sources */,
				80188C602B9C250D001630B2 /* PurchaseRepo.swift in Sources */,
				80188C562B9BF921001630B2 /* ImageConfig.swift in Sources */,
			);
			runOnlyForDeploymentPostprocessing = 0;
		};
		80AA24AB2B99D7F8002F2961 /* Sources */ = {
			isa = PBXSourcesBuildPhase;
			buildActionMask = 2147483647;
			files = (
				80AA24B42B99D7F8002F2961 /* ButterflyShreejwalGiriTests.swift in Sources */,
			);
			runOnlyForDeploymentPostprocessing = 0;
		};
		80AA24B52B99D7F8002F2961 /* Sources */ = {
			isa = PBXSourcesBuildPhase;
			buildActionMask = 2147483647;
			files = (
				80AA24BE2B99D7F8002F2961 /* ButterflyShreejwalGiriUITests.swift in Sources */,
				80AA24C02B99D7F8002F2961 /* ButterflyShreejwalGiriUITestsLaunchTests.swift in Sources */,
			);
			runOnlyForDeploymentPostprocessing = 0;
		};
/* End PBXSourcesBuildPhase section */

/* Begin PBXTargetDependency section */
		80AA24B12B99D7F8002F2961 /* PBXTargetDependency */ = {
			isa = PBXTargetDependency;
			target = 80AA24952B99D7F4002F2961 /* ButterflyShreejwalGiri */;
			targetProxy = 80AA24B02B99D7F8002F2961 /* PBXContainerItemProxy */;
		};
		80AA24BB2B99D7F8002F2961 /* PBXTargetDependency */ = {
			isa = PBXTargetDependency;
			target = 80AA24952B99D7F4002F2961 /* ButterflyShreejwalGiri */;
			targetProxy = 80AA24BA2B99D7F8002F2961 /* PBXContainerItemProxy */;
		};
/* End PBXTargetDependency section */

/* Begin PBXVariantGroup section */
		80AA24A72B99D7F7002F2961 /* LaunchScreen.storyboard */ = {
			isa = PBXVariantGroup;
			children = (
				80AA24A82B99D7F7002F2961 /* Base */,
			);
			name = LaunchScreen.storyboard;
			sourceTree = "<group>";
		};
/* End PBXVariantGroup section */

/* Begin XCBuildConfiguration section */
		80AA24C12B99D7F8002F2961 /* Debug */ = {
			isa = XCBuildConfiguration;
			buildSettings = {
				ALWAYS_SEARCH_USER_PATHS = NO;
				ASSETCATALOG_COMPILER_GENERATE_SWIFT_ASSET_SYMBOL_EXTENSIONS = YES;
				CLANG_ANALYZER_NONNULL = YES;
				CLANG_ANALYZER_NUMBER_OBJECT_CONVERSION = YES_AGGRESSIVE;
				CLANG_CXX_LANGUAGE_STANDARD = "gnu++20";
				CLANG_ENABLE_MODULES = YES;
				CLANG_ENABLE_OBJC_ARC = YES;
				CLANG_ENABLE_OBJC_WEAK = YES;
				CLANG_WARN_BLOCK_CAPTURE_AUTORELEASING = YES;
				CLANG_WARN_BOOL_CONVERSION = YES;
				CLANG_WARN_COMMA = YES;
				CLANG_WARN_CONSTANT_CONVERSION = YES;
				CLANG_WARN_DEPRECATED_OBJC_IMPLEMENTATIONS = YES;
				CLANG_WARN_DIRECT_OBJC_ISA_USAGE = YES_ERROR;
				CLANG_WARN_DOCUMENTATION_COMMENTS = YES;
				CLANG_WARN_EMPTY_BODY = YES;
				CLANG_WARN_ENUM_CONVERSION = YES;
				CLANG_WARN_INFINITE_RECURSION = YES;
				CLANG_WARN_INT_CONVERSION = YES;
				CLANG_WARN_NON_LITERAL_NULL_CONVERSION = YES;
				CLANG_WARN_OBJC_IMPLICIT_RETAIN_SELF = YES;
				CLANG_WARN_OBJC_LITERAL_CONVERSION = YES;
				CLANG_WARN_OBJC_ROOT_CLASS = YES_ERROR;
				CLANG_WARN_QUOTED_INCLUDE_IN_FRAMEWORK_HEADER = YES;
				CLANG_WARN_RANGE_LOOP_ANALYSIS = YES;
				CLANG_WARN_STRICT_PROTOTYPES = YES;
				CLANG_WARN_SUSPICIOUS_MOVE = YES;
				CLANG_WARN_UNGUARDED_AVAILABILITY = YES_AGGRESSIVE;
				CLANG_WARN_UNREACHABLE_CODE = YES;
				CLANG_WARN__DUPLICATE_METHOD_MATCH = YES;
				COPY_PHASE_STRIP = NO;
				DEBUG_INFORMATION_FORMAT = dwarf;
				ENABLE_STRICT_OBJC_MSGSEND = YES;
				ENABLE_TESTABILITY = YES;
				ENABLE_USER_SCRIPT_SANDBOXING = YES;
				GCC_C_LANGUAGE_STANDARD = gnu17;
				GCC_DYNAMIC_NO_PIC = NO;
				GCC_NO_COMMON_BLOCKS = YES;
				GCC_OPTIMIZATION_LEVEL = 0;
				GCC_PREPROCESSOR_DEFINITIONS = (
					"DEBUG=1",
					"$(inherited)",
				);
				GCC_WARN_64_TO_32_BIT_CONVERSION = YES;
				GCC_WARN_ABOUT_RETURN_TYPE = YES_ERROR;
				GCC_WARN_UNDECLARED_SELECTOR = YES;
				GCC_WARN_UNINITIALIZED_AUTOS = YES_AGGRESSIVE;
				GCC_WARN_UNUSED_FUNCTION = YES;
				GCC_WARN_UNUSED_VARIABLE = YES;
				IPHONEOS_DEPLOYMENT_TARGET = 17.2;
				LOCALIZATION_PREFERS_STRING_CATALOGS = YES;
				MTL_ENABLE_DEBUG_INFO = INCLUDE_SOURCE;
				MTL_FAST_MATH = YES;
				ONLY_ACTIVE_ARCH = YES;
				SDKROOT = iphoneos;
				SWIFT_ACTIVE_COMPILATION_CONDITIONS = "DEBUG $(inherited)";
				SWIFT_OPTIMIZATION_LEVEL = "-Onone";
			};
			name = Debug;
		};
		80AA24C22B99D7F8002F2961 /* Release */ = {
			isa = XCBuildConfiguration;
			buildSettings = {
				ALWAYS_SEARCH_USER_PATHS = NO;
				ASSETCATALOG_COMPILER_GENERATE_SWIFT_ASSET_SYMBOL_EXTENSIONS = YES;
				CLANG_ANALYZER_NONNULL = YES;
				CLANG_ANALYZER_NUMBER_OBJECT_CONVERSION = YES_AGGRESSIVE;
				CLANG_CXX_LANGUAGE_STANDARD = "gnu++20";
				CLANG_ENABLE_MODULES = YES;
				CLANG_ENABLE_OBJC_ARC = YES;
				CLANG_ENABLE_OBJC_WEAK = YES;
				CLANG_WARN_BLOCK_CAPTURE_AUTORELEASING = YES;
				CLANG_WARN_BOOL_CONVERSION = YES;
				CLANG_WARN_COMMA = YES;
				CLANG_WARN_CONSTANT_CONVERSION = YES;
				CLANG_WARN_DEPRECATED_OBJC_IMPLEMENTATIONS = YES;
				CLANG_WARN_DIRECT_OBJC_ISA_USAGE = YES_ERROR;
				CLANG_WARN_DOCUMENTATION_COMMENTS = YES;
				CLANG_WARN_EMPTY_BODY = YES;
				CLANG_WARN_ENUM_CONVERSION = YES;
				CLANG_WARN_INFINITE_RECURSION = YES;
				CLANG_WARN_INT_CONVERSION = YES;
				CLANG_WARN_NON_LITERAL_NULL_CONVERSION = YES;
				CLANG_WARN_OBJC_IMPLICIT_RETAIN_SELF = YES;
				CLANG_WARN_OBJC_LITERAL_CONVERSION = YES;
				CLANG_WARN_OBJC_ROOT_CLASS = YES_ERROR;
				CLANG_WARN_QUOTED_INCLUDE_IN_FRAMEWORK_HEADER = YES;
				CLANG_WARN_RANGE_LOOP_ANALYSIS = YES;
				CLANG_WARN_STRICT_PROTOTYPES = YES;
				CLANG_WARN_SUSPICIOUS_MOVE = YES;
				CLANG_WARN_UNGUARDED_AVAILABILITY = YES_AGGRESSIVE;
				CLANG_WARN_UNREACHABLE_CODE = YES;
				CLANG_WARN__DUPLICATE_METHOD_MATCH = YES;
				COPY_PHASE_STRIP = NO;
				DEBUG_INFORMATION_FORMAT = "dwarf-with-dsym";
				ENABLE_NS_ASSERTIONS = NO;
				ENABLE_STRICT_OBJC_MSGSEND = YES;
				ENABLE_USER_SCRIPT_SANDBOXING = YES;
				GCC_C_LANGUAGE_STANDARD = gnu17;
				GCC_NO_COMMON_BLOCKS = YES;
				GCC_WARN_64_TO_32_BIT_CONVERSION = YES;
				GCC_WARN_ABOUT_RETURN_TYPE = YES_ERROR;
				GCC_WARN_UNDECLARED_SELECTOR = YES;
				GCC_WARN_UNINITIALIZED_AUTOS = YES_AGGRESSIVE;
				GCC_WARN_UNUSED_FUNCTION = YES;
				GCC_WARN_UNUSED_VARIABLE = YES;
				IPHONEOS_DEPLOYMENT_TARGET = 17.2;
				LOCALIZATION_PREFERS_STRING_CATALOGS = YES;
				MTL_ENABLE_DEBUG_INFO = NO;
				MTL_FAST_MATH = YES;
				SDKROOT = iphoneos;
				SWIFT_COMPILATION_MODE = wholemodule;
				VALIDATE_PRODUCT = YES;
			};
			name = Release;
		};
		80AA24C42B99D7F8002F2961 /* Debug */ = {
			isa = XCBuildConfiguration;
			baseConfigurationReference = E2B6168F766B9D4EE4A1D8FB /* Pods-ButterflyShreejwalGiri.debug.xcconfig */;
			buildSettings = {
				ASSETCATALOG_COMPILER_APPICON_NAME = AppIcon;
				ASSETCATALOG_COMPILER_GLOBAL_ACCENT_COLOR_NAME = AccentColor;
				CODE_SIGN_STYLE = Automatic;
				CURRENT_PROJECT_VERSION = 1;
				DEVELOPMENT_TEAM = 8NJ4S3KMLL;
				ENABLE_USER_SCRIPT_SANDBOXING = NO;
				GENERATE_INFOPLIST_FILE = YES;
				INFOPLIST_FILE = ButterflyShreejwalGiri/Info.plist;
				INFOPLIST_KEY_LSApplicationCategoryType = "public.app-category.entertainment";
				INFOPLIST_KEY_UIApplicationSupportsIndirectInputEvents = YES;
				INFOPLIST_KEY_UILaunchStoryboardName = LaunchScreen;
				INFOPLIST_KEY_UIMainStoryboardFile = "";
				INFOPLIST_KEY_UIStatusBarStyle = UIStatusBarStyleLightContent;
				INFOPLIST_KEY_UISupportedInterfaceOrientations = UIInterfaceOrientationPortrait;
				IPHONEOS_DEPLOYMENT_TARGET = 13.0;
				LD_RUNPATH_SEARCH_PATHS = (
					"$(inherited)",
					"@executable_path/Frameworks",
				);
				MARKETING_VERSION = 1.0;
				PRODUCT_BUNDLE_IDENTIFIER = shreejwalgiri.butterfly;
				PRODUCT_NAME = "$(TARGET_NAME)";
				SWIFT_EMIT_LOC_STRINGS = YES;
				SWIFT_VERSION = 5.0;
				TARGETED_DEVICE_FAMILY = "1,2";
			};
			name = Debug;
		};
		80AA24C52B99D7F8002F2961 /* Release */ = {
			isa = XCBuildConfiguration;
			baseConfigurationReference = A4CBCBFF041977704EA34712 /* Pods-ButterflyShreejwalGiri.release.xcconfig */;
			buildSettings = {
				ASSETCATALOG_COMPILER_APPICON_NAME = AppIcon;
				ASSETCATALOG_COMPILER_GLOBAL_ACCENT_COLOR_NAME = AccentColor;
				CODE_SIGN_STYLE = Automatic;
				CURRENT_PROJECT_VERSION = 1;
				DEVELOPMENT_TEAM = 8NJ4S3KMLL;
				ENABLE_USER_SCRIPT_SANDBOXING = NO;
				GENERATE_INFOPLIST_FILE = YES;
				INFOPLIST_FILE = ButterflyShreejwalGiri/Info.plist;
				INFOPLIST_KEY_LSApplicationCategoryType = "public.app-category.entertainment";
				INFOPLIST_KEY_UIApplicationSupportsIndirectInputEvents = YES;
				INFOPLIST_KEY_UILaunchStoryboardName = LaunchScreen;
				INFOPLIST_KEY_UIMainStoryboardFile = "";
				INFOPLIST_KEY_UIStatusBarStyle = UIStatusBarStyleLightContent;
				INFOPLIST_KEY_UISupportedInterfaceOrientations = UIInterfaceOrientationPortrait;
				IPHONEOS_DEPLOYMENT_TARGET = 13.0;
				LD_RUNPATH_SEARCH_PATHS = (
					"$(inherited)",
					"@executable_path/Frameworks",
				);
				MARKETING_VERSION = 1.0;
				PRODUCT_BUNDLE_IDENTIFIER = shreejwalgiri.butterfly;
				PRODUCT_NAME = "$(TARGET_NAME)";
				SWIFT_EMIT_LOC_STRINGS = YES;
				SWIFT_VERSION = 5.0;
				TARGETED_DEVICE_FAMILY = "1,2";
			};
			name = Release;
		};
		80AA24C72B99D7F8002F2961 /* Debug */ = {
			isa = XCBuildConfiguration;
			buildSettings = {
				ALWAYS_EMBED_SWIFT_STANDARD_LIBRARIES = YES;
				BUNDLE_LOADER = "$(TEST_HOST)";
				CODE_SIGN_STYLE = Automatic;
				CURRENT_PROJECT_VERSION = 1;
				DEVELOPMENT_TEAM = 8NSK6X7SHY;
				ENABLE_USER_SCRIPT_SANDBOXING = NO;
				GENERATE_INFOPLIST_FILE = YES;
				IPHONEOS_DEPLOYMENT_TARGET = 17.2;
				MARKETING_VERSION = 1.0;
				PRODUCT_BUNDLE_IDENTIFIER = shreejwalgiri.ButterflyShreejwalGiriTests;
				PRODUCT_NAME = "$(TARGET_NAME)";
				SWIFT_EMIT_LOC_STRINGS = NO;
				SWIFT_VERSION = 5.0;
				TARGETED_DEVICE_FAMILY = "1,2";
				TEST_HOST = "$(BUILT_PRODUCTS_DIR)/ButterflyShreejwalGiri.app/$(BUNDLE_EXECUTABLE_FOLDER_PATH)/ButterflyShreejwalGiri";
			};
			name = Debug;
		};
		80AA24C82B99D7F8002F2961 /* Release */ = {
			isa = XCBuildConfiguration;
			buildSettings = {
				ALWAYS_EMBED_SWIFT_STANDARD_LIBRARIES = YES;
				BUNDLE_LOADER = "$(TEST_HOST)";
				CODE_SIGN_STYLE = Automatic;
				CURRENT_PROJECT_VERSION = 1;
				DEVELOPMENT_TEAM = 8NSK6X7SHY;
				ENABLE_USER_SCRIPT_SANDBOXING = NO;
				GENERATE_INFOPLIST_FILE = YES;
				IPHONEOS_DEPLOYMENT_TARGET = 17.2;
				MARKETING_VERSION = 1.0;
				PRODUCT_BUNDLE_IDENTIFIER = shreejwalgiri.ButterflyShreejwalGiriTests;
				PRODUCT_NAME = "$(TARGET_NAME)";
				SWIFT_EMIT_LOC_STRINGS = NO;
				SWIFT_VERSION = 5.0;
				TARGETED_DEVICE_FAMILY = "1,2";
				TEST_HOST = "$(BUILT_PRODUCTS_DIR)/ButterflyShreejwalGiri.app/$(BUNDLE_EXECUTABLE_FOLDER_PATH)/ButterflyShreejwalGiri";
			};
			name = Release;
		};
		80AA24CA2B99D7F8002F2961 /* Debug */ = {
			isa = XCBuildConfiguration;
			buildSettings = {
				ALWAYS_EMBED_SWIFT_STANDARD_LIBRARIES = YES;
				CODE_SIGN_STYLE = Automatic;
				CURRENT_PROJECT_VERSION = 1;
				DEVELOPMENT_TEAM = 8NSK6X7SHY;
				ENABLE_USER_SCRIPT_SANDBOXING = NO;
				GENERATE_INFOPLIST_FILE = YES;
				MARKETING_VERSION = 1.0;
				PRODUCT_BUNDLE_IDENTIFIER = shreejwalgiri.ButterflyShreejwalGiriUITests;
				PRODUCT_NAME = "$(TARGET_NAME)";
				SWIFT_EMIT_LOC_STRINGS = NO;
				SWIFT_VERSION = 5.0;
				TARGETED_DEVICE_FAMILY = "1,2";
				TEST_TARGET_NAME = ButterflyShreejwalGiri;
			};
			name = Debug;
		};
		80AA24CB2B99D7F8002F2961 /* Release */ = {
			isa = XCBuildConfiguration;
			buildSettings = {
				ALWAYS_EMBED_SWIFT_STANDARD_LIBRARIES = YES;
				CODE_SIGN_STYLE = Automatic;
				CURRENT_PROJECT_VERSION = 1;
				DEVELOPMENT_TEAM = 8NSK6X7SHY;
				ENABLE_USER_SCRIPT_SANDBOXING = NO;
				GENERATE_INFOPLIST_FILE = YES;
				MARKETING_VERSION = 1.0;
				PRODUCT_BUNDLE_IDENTIFIER = shreejwalgiri.ButterflyShreejwalGiriUITests;
				PRODUCT_NAME = "$(TARGET_NAME)";
				SWIFT_EMIT_LOC_STRINGS = NO;
				SWIFT_VERSION = 5.0;
				TARGETED_DEVICE_FAMILY = "1,2";
				TEST_TARGET_NAME = ButterflyShreejwalGiri;
			};
			name = Release;
		};
/* End XCBuildConfiguration section */

/* Begin XCConfigurationList section */
		80AA24912B99D7F4002F2961 /* Build configuration list for PBXProject "ButterflyShreejwalGiri" */ = {
			isa = XCConfigurationList;
			buildConfigurations = (
				80AA24C12B99D7F8002F2961 /* Debug */,
				80AA24C22B99D7F8002F2961 /* Release */,
			);
			defaultConfigurationIsVisible = 0;
			defaultConfigurationName = Release;
		};
		80AA24C32B99D7F8002F2961 /* Build configuration list for PBXNativeTarget "ButterflyShreejwalGiri" */ = {
			isa = XCConfigurationList;
			buildConfigurations = (
				80AA24C42B99D7F8002F2961 /* Debug */,
				80AA24C52B99D7F8002F2961 /* Release */,
			);
			defaultConfigurationIsVisible = 0;
			defaultConfigurationName = Release;
		};
		80AA24C62B99D7F8002F2961 /* Build configuration list for PBXNativeTarget "ButterflyShreejwalGiriTests" */ = {
			isa = XCConfigurationList;
			buildConfigurations = (
				80AA24C72B99D7F8002F2961 /* Debug */,
				80AA24C82B99D7F8002F2961 /* Release */,
			);
			defaultConfigurationIsVisible = 0;
			defaultConfigurationName = Release;
		};
		80AA24C92B99D7F8002F2961 /* Build configuration list for PBXNativeTarget "ButterflyShreejwalGiriUITests" */ = {
			isa = XCConfigurationList;
			buildConfigurations = (
				80AA24CA2B99D7F8002F2961 /* Debug */,
				80AA24CB2B99D7F8002F2961 /* Release */,
			);
			defaultConfigurationIsVisible = 0;
			defaultConfigurationName = Release;
		};
/* End XCConfigurationList section */

/* Begin XCVersionGroup section */
		8077C76D2B9D8A6A0059E54F /* PurchaseOrderList.xcdatamodeld */ = {
			isa = XCVersionGroup;
			children = (
				8077C76E2B9D8A6A0059E54F /* PurchaseOrderList.xcdatamodel */,
			);
			currentVersion = 8077C76E2B9D8A6A0059E54F /* PurchaseOrderList.xcdatamodel */;
			path = PurchaseOrderList.xcdatamodeld;
			sourceTree = "<group>";
			versionGroupType = wrapper.xcdatamodel;
		};
		80AA24A22B99D7F4002F2961 /* ButterflyShreejwalGiri.xcdatamodeld */ = {
			isa = XCVersionGroup;
			children = (
				80AA24A32B99D7F4002F2961 /* ButterflyShreejwalGiri.xcdatamodel */,
			);
			currentVersion = 80AA24A32B99D7F4002F2961 /* ButterflyShreejwalGiri.xcdatamodel */;
			path = ButterflyShreejwalGiri.xcdatamodeld;
			sourceTree = "<group>";
			versionGroupType = wrapper.xcdatamodel;
		};
/* End XCVersionGroup section */
	};
	rootObject = 80AA248E2B99D7F4002F2961 /* Project object */;
}
